
Microsoft Visual Studio Solution File, Format Version 12.00
# Visual Studio Version 16
VisualStudioVersion = 16.0.31205.134
MinimumVisualStudioVersion = 10.0.40219.1
Project("{FAE04EC0-301F-11D3-BF4B-00C04F79EFBC}") = "EchoDataDisplay", "EchoDataDisplay\EchoDataDisplay.csproj", "{70C9C1FA-B04D-4A87-A4AA-95E104E63537}"
EndProject
Global
	GlobalSection(SolutionConfigurationPlatforms) = preSolution
		Debug|Any CPU = Debug|Any CPU
		Release|Any CPU = Release|Any CPU
	EndGlobalSection
	GlobalSection(ProjectConfigurationPlatforms) = postSolution
		{70C9C1FA-B04D-4A87-A4AA-95E104E63537}.Debug|Any CPU.ActiveCfg = Debug|Any CPU
		{70C9C1FA-B04D-4A87-A4AA-95E104E63537}.Debug|Any CPU.Build.0 = Debug|Any CPU
		{70C9C1FA-B04D-4A87-A4AA-95E104E63537}.Release|Any CPU.ActiveCfg = Release|Any CPU
		{70C9C1FA-B04D-4A87-A4AA-95E104E63537}.Release|Any CPU.Build.0 = Release|Any CPU
	EndGlobalSection
	GlobalSection(SolutionProperties) = preSolution
		HideSolutionNode = FALSE
	EndGlobalSection
	GlobalSection(ExtensibilityGlobals) = postSolution
		SolutionGuid = {7D7D3617-4154-47B9-A942-14AEA2092D51}
	EndGlobalSection
EndGlobal
